// !$*UTF8*$!
{
	archiveVersion = 1;
	classes = {
	};
	objectVersion = 56;
	objects = {

/* Begin PBXBuildFile section */
		D702C14F2CFA50BA009098FC /* TodoTableCellView.swift in Sources */ = {isa = PBXBuildFile; fileRef = D702C14E2CFA50BA009098FC /* TodoTableCellView.swift */; };
		D71C94C32CFAF1D800198934 /* TodoTableCellAssets.swift in Sources */ = {isa = PBXBuildFile; fileRef = D71C94C22CFAF1D800198934 /* TodoTableCellAssets.swift */; };
		D7277F942CF76FD800AE853A /* AppErrorProtocol.swift in Sources */ = {isa = PBXBuildFile; fileRef = D7277F932CF76FD800AE853A /* AppErrorProtocol.swift */; };
		D7277F9E2CF772EC00AE853A /* AppConstants.swift in Sources */ = {isa = PBXBuildFile; fileRef = D7277F9D2CF772EC00AE853A /* AppConstants.swift */; };
		D7277FAB2CF7734300AE853A /* RequestMethod.swift in Sources */ = {isa = PBXBuildFile; fileRef = D7277F992CF770C500AE853A /* RequestMethod.swift */; };
		D7277FAC2CF7734300AE853A /* RequestConfiguration.swift in Sources */ = {isa = PBXBuildFile; fileRef = D7277F9B2CF770D800AE853A /* RequestConfiguration.swift */; };
		D7277FAD2CF7734300AE853A /* Endpoint.swift in Sources */ = {isa = PBXBuildFile; fileRef = D7277F972CF7709800AE853A /* Endpoint.swift */; };
		D7277FB12CF7738B00AE853A /* libEMCore.a in Frameworks */ = {isa = PBXBuildFile; fileRef = D7277F8C2CF76FB100AE853A /* libEMCore.a */; };
		D7277FB22CF773B000AE853A /* NetworkResponseErrorProtocol.swift in Sources */ = {isa = PBXBuildFile; fileRef = D7277FAE2CF7736600AE853A /* NetworkResponseErrorProtocol.swift */; };
		D7277FB52CF78B5400AE853A /* NetworkingServiceProtocol.swift in Sources */ = {isa = PBXBuildFile; fileRef = D7277FB42CF78B5400AE853A /* NetworkingServiceProtocol.swift */; };
		D7277FB72CF78B9600AE853A /* NetworkingServiceError.swift in Sources */ = {isa = PBXBuildFile; fileRef = D7277FB62CF78B9600AE853A /* NetworkingServiceError.swift */; };
		D7277FB92CF78BD600AE853A /* NetworkingService.swift in Sources */ = {isa = PBXBuildFile; fileRef = D7277FB82CF78BD600AE853A /* NetworkingService.swift */; };
		D7277FBC2CF7905A00AE853A /* ToDoModel.xcdatamodeld in Sources */ = {isa = PBXBuildFile; fileRef = D7277FBA2CF7905A00AE853A /* ToDoModel.xcdatamodeld */; };
		D7277FC42CF7919F00AE853A /* CoreDataStack.swift in Sources */ = {isa = PBXBuildFile; fileRef = D7277FC32CF7919F00AE853A /* CoreDataStack.swift */; };
		D7277FCC2CF7925D00AE853A /* TodoCoreDataModel.swift in Sources */ = {isa = PBXBuildFile; fileRef = D7277FC82CF7922200AE853A /* TodoCoreDataModel.swift */; };
		D7277FCE2CF79E5200AE853A /* CoreDataStackOperationError.swift in Sources */ = {isa = PBXBuildFile; fileRef = D7277FCD2CF79E5200AE853A /* CoreDataStackOperationError.swift */; };
		D7277FCF2CF79E7900AE853A /* libEMCore.a in Frameworks */ = {isa = PBXBuildFile; fileRef = D7277F8C2CF76FB100AE853A /* libEMCore.a */; };
		D7277FD12CF79ED400AE853A /* CoreDataStackOperation.swift in Sources */ = {isa = PBXBuildFile; fileRef = D7277FD02CF79ED400AE853A /* CoreDataStackOperation.swift */; };
		D7277FD42CF79F3B00AE853A /* CoreDataDatabase.swift in Sources */ = {isa = PBXBuildFile; fileRef = D7277FD32CF79F3B00AE853A /* CoreDataDatabase.swift */; };
		D7277FD62CF79F7000AE853A /* EnumProtocol.swift in Sources */ = {isa = PBXBuildFile; fileRef = D7277FD52CF79F7000AE853A /* EnumProtocol.swift */; };
		D7277FD82CF7A1BB00AE853A /* OperationProtocol.swift in Sources */ = {isa = PBXBuildFile; fileRef = D7277FD72CF7A1BB00AE853A /* OperationProtocol.swift */; };
		D7277FDB2CF7A33400AE853A /* Todo.swift in Sources */ = {isa = PBXBuildFile; fileRef = D7277FDA2CF7A33400AE853A /* Todo.swift */; };
		D7277FDE2CF7ADB400AE853A /* Logger.Extensions.swift in Sources */ = {isa = PBXBuildFile; fileRef = D7277FDD2CF7ADB400AE853A /* Logger.Extensions.swift */; };
		D7277FE02CF7AE8C00AE853A /* ManagerProvider.swift in Sources */ = {isa = PBXBuildFile; fileRef = D7277FDF2CF7AE8C00AE853A /* ManagerProvider.swift */; };
		D7277FE32CF7AECE00AE853A /* libEMCore.a in Frameworks */ = {isa = PBXBuildFile; fileRef = D7277F8C2CF76FB100AE853A /* libEMCore.a */; };
		D7277FE42CF7AECE00AE853A /* libEMCoreDataStack.a in Frameworks */ = {isa = PBXBuildFile; fileRef = D7277FC12CF7919E00AE853A /* libEMCoreDataStack.a */; };
		D7277FE52CF7AECE00AE853A /* libEMNetworkingService.a in Frameworks */ = {isa = PBXBuildFile; fileRef = D7277FA32CF7732D00AE853A /* libEMNetworkingService.a */; };
		D7277FEA2CF7BFD300AE853A /* TodoDetailInteractor.swift in Sources */ = {isa = PBXBuildFile; fileRef = D7277FE92CF7BFD300AE853A /* TodoDetailInteractor.swift */; };
		D7277FEC2CF7BFE900AE853A /* TodoDetailPresenter.swift in Sources */ = {isa = PBXBuildFile; fileRef = D7277FEB2CF7BFE900AE853A /* TodoDetailPresenter.swift */; };
		D7277FEE2CF7C0A700AE853A /* TodoDetailEntity.swift in Sources */ = {isa = PBXBuildFile; fileRef = D7277FED2CF7C0A700AE853A /* TodoDetailEntity.swift */; };
		D7277FF02CF7C0BF00AE853A /* TodoDetailRouter.swift in Sources */ = {isa = PBXBuildFile; fileRef = D7277FEF2CF7C0BF00AE853A /* TodoDetailRouter.swift */; };
		D7277FF22CF7C0F000AE853A /* TodoDetailConfigurator.swift in Sources */ = {isa = PBXBuildFile; fileRef = D7277FF12CF7C0F000AE853A /* TodoDetailConfigurator.swift */; };
		D7277FF62CF8949D00AE853A /* TodoDetailAssets.swift in Sources */ = {isa = PBXBuildFile; fileRef = D7277FF52CF8949D00AE853A /* TodoDetailAssets.swift */; };
		D7277FF92CF8951100AE853A /* AssetsProtocols.swift in Sources */ = {isa = PBXBuildFile; fileRef = D7277FF82CF8951100AE853A /* AssetsProtocols.swift */; };
		D7277FFB2CF896AC00AE853A /* TodoDetail.Localizable.xcstrings in Resources */ = {isa = PBXBuildFile; fileRef = D7277FFA2CF896AC00AE853A /* TodoDetail.Localizable.xcstrings */; };
		D7277FFE2CF8C5C400AE853A /* Date.Extensions.swift in Sources */ = {isa = PBXBuildFile; fileRef = D7277FFC2CF8C5B300AE853A /* Date.Extensions.swift */; };
		D72780062CF9B7CF00AE853A /* TodoApiService.swift in Sources */ = {isa = PBXBuildFile; fileRef = D72780052CF9B7CF00AE853A /* TodoApiService.swift */; };
		D727800C2CF9BA5700AE853A /* TodoResponseDto.swift in Sources */ = {isa = PBXBuildFile; fileRef = D727800B2CF9BA5700AE853A /* TodoResponseDto.swift */; };
		D727800D2CF9BB5600AE853A /* libEMCore.a in Frameworks */ = {isa = PBXBuildFile; fileRef = D7277F8C2CF76FB100AE853A /* libEMCore.a */; };
		D727800E2CF9BB5600AE853A /* libEMNetworkingService.a in Frameworks */ = {isa = PBXBuildFile; fileRef = D7277FA32CF7732D00AE853A /* libEMNetworkingService.a */; };
		D72780102CF9BC1D00AE853A /* TodoListResponseDto.swift in Sources */ = {isa = PBXBuildFile; fileRef = D727800F2CF9BC1D00AE853A /* TodoListResponseDto.swift */; };
		D72780142CFA09E800AE853A /* Todo.Extensions.swift in Sources */ = {isa = PBXBuildFile; fileRef = D72780132CFA09E800AE853A /* Todo.Extensions.swift */; };
		D72780242CFA237D00AE853A /* TodoListView.swift in Sources */ = {isa = PBXBuildFile; fileRef = D72780232CFA237D00AE853A /* TodoListView.swift */; };
		D72780262CFA238700AE853A /* TodoListPresenter.swift in Sources */ = {isa = PBXBuildFile; fileRef = D72780252CFA238700AE853A /* TodoListPresenter.swift */; };
		D72780282CFA239200AE853A /* TodoListInteractor.swift in Sources */ = {isa = PBXBuildFile; fileRef = D72780272CFA239200AE853A /* TodoListInteractor.swift */; };
		D727802A2CFA23A000AE853A /* TodoListRouter.swift in Sources */ = {isa = PBXBuildFile; fileRef = D72780292CFA23A000AE853A /* TodoListRouter.swift */; };
		D727802C2CFA23B400AE853A /* TodoListConfigurator.swift in Sources */ = {isa = PBXBuildFile; fileRef = D727802B2CFA23B400AE853A /* TodoListConfigurator.swift */; };
		D727802E2CFA23BC00AE853A /* TodoListEntity.swift in Sources */ = {isa = PBXBuildFile; fileRef = D727802D2CFA23BC00AE853A /* TodoListEntity.swift */; };
		D727802F2CFA373000AE853A /* libEMTodoApiService.a in Frameworks */ = {isa = PBXBuildFile; fileRef = D72780032CF9B7CF00AE853A /* libEMTodoApiService.a */; };
		D72780322CFA3D2700AE853A /* TodoDetailView.swift in Sources */ = {isa = PBXBuildFile; fileRef = D72780312CFA3D2700AE853A /* TodoDetailView.swift */; };
		D77390F92CF6501C00795469 /* AppDelegate.swift in Sources */ = {isa = PBXBuildFile; fileRef = D77390F82CF6501C00795469 /* AppDelegate.swift */; };
		D77390FB2CF6501C00795469 /* SceneDelegate.swift in Sources */ = {isa = PBXBuildFile; fileRef = D77390FA2CF6501C00795469 /* SceneDelegate.swift */; };
		D77391022CF6502500795469 /* Assets.xcassets in Resources */ = {isa = PBXBuildFile; fileRef = D77391012CF6502500795469 /* Assets.xcassets */; };
		D77391052CF6502500795469 /* LaunchScreen.storyboard in Resources */ = {isa = PBXBuildFile; fileRef = D77391032CF6502500795469 /* LaunchScreen.storyboard */; };
		D77391102CF6502600795469 /* EMTodoListTests.swift in Sources */ = {isa = PBXBuildFile; fileRef = D773910F2CF6502600795469 /* EMTodoListTests.swift */; };
		D773911A2CF6502600795469 /* EMTodoListUITests.swift in Sources */ = {isa = PBXBuildFile; fileRef = D77391192CF6502600795469 /* EMTodoListUITests.swift */; };
		D773911C2CF6502600795469 /* EMTodoListUITestsLaunchTests.swift in Sources */ = {isa = PBXBuildFile; fileRef = D773911B2CF6502600795469 /* EMTodoListUITestsLaunchTests.swift */; };
		D7AEB7B22CFB38E000691663 /* TodoTableCellEntity.swift in Sources */ = {isa = PBXBuildFile; fileRef = D7AEB7B12CFB38E000691663 /* TodoTableCellEntity.swift */; };
		D7AEB7B32CFB42EB00691663 /* ToDoModel.xcdatamodeld in Resources */ = {isa = PBXBuildFile; fileRef = D7277FBA2CF7905A00AE853A /* ToDoModel.xcdatamodeld */; };
		D7AEB7BA2CFB43B000691663 /* TodoListViewProtocols.swift in Sources */ = {isa = PBXBuildFile; fileRef = D7AEB7B92CFB43B000691663 /* TodoListViewProtocols.swift */; };
		D7AEB7BC2CFB43E000691663 /* TodoListPresenterProtocols.swift in Sources */ = {isa = PBXBuildFile; fileRef = D7AEB7BB2CFB43E000691663 /* TodoListPresenterProtocols.swift */; };
		D7AEB7BE2CFB440B00691663 /* TodoListInteractorProtocols.swift in Sources */ = {isa = PBXBuildFile; fileRef = D7AEB7BD2CFB440B00691663 /* TodoListInteractorProtocols.swift */; };
		D7AEB7C02CFB443F00691663 /* TodoListRouterProtocols.swift in Sources */ = {isa = PBXBuildFile; fileRef = D7AEB7BF2CFB443F00691663 /* TodoListRouterProtocols.swift */; };
		D7AEB7C22CFB445C00691663 /* TodoListConfiguratorProtocols.swift in Sources */ = {isa = PBXBuildFile; fileRef = D7AEB7C12CFB445C00691663 /* TodoListConfiguratorProtocols.swift */; };
		D7AEB7C62CFB58E500691663 /* CoreDataStack.Todo.swift in Sources */ = {isa = PBXBuildFile; fileRef = D7AEB7C52CFB58E500691663 /* CoreDataStack.Todo.swift */; };
		D7AEB7C82CFB977100691663 /* TodoList.Localizable.xcstrings in Resources */ = {isa = PBXBuildFile; fileRef = D7AEB7C72CFB977100691663 /* TodoList.Localizable.xcstrings */; };
		D7AEB7CA2CFB97BD00691663 /* TodoListAssets.swift in Sources */ = {isa = PBXBuildFile; fileRef = D7AEB7C92CFB97BD00691663 /* TodoListAssets.swift */; };
		D7AEB7D02CFC52B700691663 /* TodoDetailViewProtocols.swift in Sources */ = {isa = PBXBuildFile; fileRef = D7AEB7CF2CFC52B700691663 /* TodoDetailViewProtocols.swift */; };
		D7AEB7D22CFC530D00691663 /* TodoDetailPresenterProtocols.swift in Sources */ = {isa = PBXBuildFile; fileRef = D7AEB7D12CFC530D00691663 /* TodoDetailPresenterProtocols.swift */; };
		D7AEB7D42CFC5DC700691663 /* Notifications.Localizable.xcstrings in Resources */ = {isa = PBXBuildFile; fileRef = D7AEB7D32CFC5DC700691663 /* Notifications.Localizable.xcstrings */; };
		D7AEB7D62CFC5EA500691663 /* NotificationsAssets.swift in Sources */ = {isa = PBXBuildFile; fileRef = D7AEB7D52CFC5EA500691663 /* NotificationsAssets.swift */; };
		D7AEB7D82CFC5FAD00691663 /* TodoDetailInteractorProtocols.swift in Sources */ = {isa = PBXBuildFile; fileRef = D7AEB7D72CFC5FAD00691663 /* TodoDetailInteractorProtocols.swift */; };
		D7AEB7DC2CFC7A9300691663 /* TodoDetailConfiguratorProtocols.swift in Sources */ = {isa = PBXBuildFile; fileRef = D7AEB7DB2CFC7A9300691663 /* TodoDetailConfiguratorProtocols.swift */; };
		D7AEB7DE2CFC9DFF00691663 /* TodoDetailModuleDelegate.swift in Sources */ = {isa = PBXBuildFile; fileRef = D7AEB7DD2CFC9DFF00691663 /* TodoDetailModuleDelegate.swift */; };
		D7AEB7E02CFCBCA600691663 /* ContextMenu.Localizable.xcstrings in Resources */ = {isa = PBXBuildFile; fileRef = D7AEB7DF2CFCBCA600691663 /* ContextMenu.Localizable.xcstrings */; };
		D7AEB7E22CFCBCF600691663 /* ContextMenuAssets.swift in Sources */ = {isa = PBXBuildFile; fileRef = D7AEB7E12CFCBCF600691663 /* ContextMenuAssets.swift */; };
		D7AEB7E42CFD105900691663 /* SharedButtons.Localizablle.xcstrings in Resources */ = {isa = PBXBuildFile; fileRef = D7AEB7E32CFD105800691663 /* SharedButtons.Localizablle.xcstrings */; };
		D7AEB7E62CFD108900691663 /* SharedButtonsAssets.swift in Sources */ = {isa = PBXBuildFile; fileRef = D7AEB7E52CFD108900691663 /* SharedButtonsAssets.swift */; };
/* End PBXBuildFile section */

/* Begin PBXContainerItemProxy section */
		D773910C2CF6502600795469 /* PBXContainerItemProxy */ = {
			isa = PBXContainerItemProxy;
			containerPortal = D77390ED2CF6501C00795469 /* Project object */;
			proxyType = 1;
			remoteGlobalIDString = D77390F42CF6501C00795469;
			remoteInfo = EMTodoList;
		};
		D77391162CF6502600795469 /* PBXContainerItemProxy */ = {
			isa = PBXContainerItemProxy;
			containerPortal = D77390ED2CF6501C00795469 /* Project object */;
			proxyType = 1;
			remoteGlobalIDString = D77390F42CF6501C00795469;
			remoteInfo = EMTodoList;
		};
/* End PBXContainerItemProxy section */

/* Begin PBXCopyFilesBuildPhase section */
		D7277F8A2CF76FB100AE853A /* CopyFiles */ = {
			isa = PBXCopyFilesBuildPhase;
			buildActionMask = 2147483647;
			dstPath = "include/$(PRODUCT_NAME)";
			dstSubfolderSpec = 16;
			files = (
			);
			runOnlyForDeploymentPostprocessing = 0;
		};
		D7277FA12CF7732D00AE853A /* CopyFiles */ = {
			isa = PBXCopyFilesBuildPhase;
			buildActionMask = 2147483647;
			dstPath = "include/$(PRODUCT_NAME)";
			dstSubfolderSpec = 16;
			files = (
			);
			runOnlyForDeploymentPostprocessing = 0;
		};
		D7277FBF2CF7919E00AE853A /* CopyFiles */ = {
			isa = PBXCopyFilesBuildPhase;
			buildActionMask = 2147483647;
			dstPath = "include/$(PRODUCT_NAME)";
			dstSubfolderSpec = 16;
			files = (
			);
			runOnlyForDeploymentPostprocessing = 0;
		};
		D72780012CF9B7CE00AE853A /* CopyFiles */ = {
			isa = PBXCopyFilesBuildPhase;
			buildActionMask = 2147483647;
			dstPath = "include/$(PRODUCT_NAME)";
			dstSubfolderSpec = 16;
			files = (
			);
			runOnlyForDeploymentPostprocessing = 0;
		};
/* End PBXCopyFilesBuildPhase section */

/* Begin PBXFileReference section */
		D702C14E2CFA50BA009098FC /* TodoTableCellView.swift */ = {isa = PBXFileReference; lastKnownFileType = sourcecode.swift; path = TodoTableCellView.swift; sourceTree = "<group>"; };
		D71C94C22CFAF1D800198934 /* TodoTableCellAssets.swift */ = {isa = PBXFileReference; lastKnownFileType = sourcecode.swift; path = TodoTableCellAssets.swift; sourceTree = "<group>"; };
		D7277F8C2CF76FB100AE853A /* libEMCore.a */ = {isa = PBXFileReference; explicitFileType = archive.ar; includeInIndex = 0; path = libEMCore.a; sourceTree = BUILT_PRODUCTS_DIR; };
		D7277F932CF76FD800AE853A /* AppErrorProtocol.swift */ = {isa = PBXFileReference; lastKnownFileType = sourcecode.swift; path = AppErrorProtocol.swift; sourceTree = "<group>"; };
		D7277F972CF7709800AE853A /* Endpoint.swift */ = {isa = PBXFileReference; lastKnownFileType = sourcecode.swift; path = Endpoint.swift; sourceTree = "<group>"; };
		D7277F992CF770C500AE853A /* RequestMethod.swift */ = {isa = PBXFileReference; lastKnownFileType = sourcecode.swift; path = RequestMethod.swift; sourceTree = "<group>"; };
		D7277F9B2CF770D800AE853A /* RequestConfiguration.swift */ = {isa = PBXFileReference; lastKnownFileType = sourcecode.swift; path = RequestConfiguration.swift; sourceTree = "<group>"; };
		D7277F9D2CF772EC00AE853A /* AppConstants.swift */ = {isa = PBXFileReference; lastKnownFileType = sourcecode.swift; path = AppConstants.swift; sourceTree = "<group>"; };
		D7277FA32CF7732D00AE853A /* libEMNetworkingService.a */ = {isa = PBXFileReference; explicitFileType = archive.ar; includeInIndex = 0; path = libEMNetworkingService.a; sourceTree = BUILT_PRODUCTS_DIR; };
		D7277FAE2CF7736600AE853A /* NetworkResponseErrorProtocol.swift */ = {isa = PBXFileReference; lastKnownFileType = sourcecode.swift; path = NetworkResponseErrorProtocol.swift; sourceTree = "<group>"; };
		D7277FB42CF78B5400AE853A /* NetworkingServiceProtocol.swift */ = {isa = PBXFileReference; lastKnownFileType = sourcecode.swift; path = NetworkingServiceProtocol.swift; sourceTree = "<group>"; };
		D7277FB62CF78B9600AE853A /* NetworkingServiceError.swift */ = {isa = PBXFileReference; lastKnownFileType = sourcecode.swift; path = NetworkingServiceError.swift; sourceTree = "<group>"; };
		D7277FB82CF78BD600AE853A /* NetworkingService.swift */ = {isa = PBXFileReference; lastKnownFileType = sourcecode.swift; path = NetworkingService.swift; sourceTree = "<group>"; };
		D7277FBB2CF7905A00AE853A /* ToDoModel.xcdatamodel */ = {isa = PBXFileReference; lastKnownFileType = wrapper.xcdatamodel; path = ToDoModel.xcdatamodel; sourceTree = "<group>"; };
		D7277FC12CF7919E00AE853A /* libEMCoreDataStack.a */ = {isa = PBXFileReference; explicitFileType = archive.ar; includeInIndex = 0; path = libEMCoreDataStack.a; sourceTree = BUILT_PRODUCTS_DIR; };
		D7277FC32CF7919F00AE853A /* CoreDataStack.swift */ = {isa = PBXFileReference; lastKnownFileType = sourcecode.swift; path = CoreDataStack.swift; sourceTree = "<group>"; };
		D7277FC82CF7922200AE853A /* TodoCoreDataModel.swift */ = {isa = PBXFileReference; lastKnownFileType = sourcecode.swift; path = TodoCoreDataModel.swift; sourceTree = "<group>"; };
		D7277FCD2CF79E5200AE853A /* CoreDataStackOperationError.swift */ = {isa = PBXFileReference; lastKnownFileType = sourcecode.swift; path = CoreDataStackOperationError.swift; sourceTree = "<group>"; };
		D7277FD02CF79ED400AE853A /* CoreDataStackOperation.swift */ = {isa = PBXFileReference; lastKnownFileType = sourcecode.swift; path = CoreDataStackOperation.swift; sourceTree = "<group>"; };
		D7277FD32CF79F3B00AE853A /* CoreDataDatabase.swift */ = {isa = PBXFileReference; lastKnownFileType = sourcecode.swift; path = CoreDataDatabase.swift; sourceTree = "<group>"; };
		D7277FD52CF79F7000AE853A /* EnumProtocol.swift */ = {isa = PBXFileReference; lastKnownFileType = sourcecode.swift; path = EnumProtocol.swift; sourceTree = "<group>"; };
		D7277FD72CF7A1BB00AE853A /* OperationProtocol.swift */ = {isa = PBXFileReference; lastKnownFileType = sourcecode.swift; path = OperationProtocol.swift; sourceTree = "<group>"; };
		D7277FDA2CF7A33400AE853A /* Todo.swift */ = {isa = PBXFileReference; lastKnownFileType = sourcecode.swift; path = Todo.swift; sourceTree = "<group>"; };
		D7277FDD2CF7ADB400AE853A /* Logger.Extensions.swift */ = {isa = PBXFileReference; lastKnownFileType = sourcecode.swift; path = Logger.Extensions.swift; sourceTree = "<group>"; };
		D7277FDF2CF7AE8C00AE853A /* ManagerProvider.swift */ = {isa = PBXFileReference; lastKnownFileType = sourcecode.swift; path = ManagerProvider.swift; sourceTree = "<group>"; };
		D7277FE92CF7BFD300AE853A /* TodoDetailInteractor.swift */ = {isa = PBXFileReference; lastKnownFileType = sourcecode.swift; path = TodoDetailInteractor.swift; sourceTree = "<group>"; };
		D7277FEB2CF7BFE900AE853A /* TodoDetailPresenter.swift */ = {isa = PBXFileReference; lastKnownFileType = sourcecode.swift; path = TodoDetailPresenter.swift; sourceTree = "<group>"; };
		D7277FED2CF7C0A700AE853A /* TodoDetailEntity.swift */ = {isa = PBXFileReference; lastKnownFileType = sourcecode.swift; path = TodoDetailEntity.swift; sourceTree = "<group>"; };
		D7277FEF2CF7C0BF00AE853A /* TodoDetailRouter.swift */ = {isa = PBXFileReference; lastKnownFileType = sourcecode.swift; path = TodoDetailRouter.swift; sourceTree = "<group>"; };
		D7277FF12CF7C0F000AE853A /* TodoDetailConfigurator.swift */ = {isa = PBXFileReference; lastKnownFileType = sourcecode.swift; path = TodoDetailConfigurator.swift; sourceTree = "<group>"; };
		D7277FF52CF8949D00AE853A /* TodoDetailAssets.swift */ = {isa = PBXFileReference; lastKnownFileType = sourcecode.swift; path = TodoDetailAssets.swift; sourceTree = "<group>"; };
		D7277FF82CF8951100AE853A /* AssetsProtocols.swift */ = {isa = PBXFileReference; lastKnownFileType = sourcecode.swift; path = AssetsProtocols.swift; sourceTree = "<group>"; };
		D7277FFA2CF896AC00AE853A /* TodoDetail.Localizable.xcstrings */ = {isa = PBXFileReference; lastKnownFileType = text.json.xcstrings; path = TodoDetail.Localizable.xcstrings; sourceTree = "<group>"; };
		D7277FFC2CF8C5B300AE853A /* Date.Extensions.swift */ = {isa = PBXFileReference; lastKnownFileType = sourcecode.swift; path = Date.Extensions.swift; sourceTree = "<group>"; };
		D72780032CF9B7CF00AE853A /* libEMTodoApiService.a */ = {isa = PBXFileReference; explicitFileType = archive.ar; includeInIndex = 0; path = libEMTodoApiService.a; sourceTree = BUILT_PRODUCTS_DIR; };
		D72780052CF9B7CF00AE853A /* TodoApiService.swift */ = {isa = PBXFileReference; lastKnownFileType = sourcecode.swift; path = TodoApiService.swift; sourceTree = "<group>"; };
		D727800B2CF9BA5700AE853A /* TodoResponseDto.swift */ = {isa = PBXFileReference; lastKnownFileType = sourcecode.swift; path = TodoResponseDto.swift; sourceTree = "<group>"; };
		D727800F2CF9BC1D00AE853A /* TodoListResponseDto.swift */ = {isa = PBXFileReference; lastKnownFileType = sourcecode.swift; path = TodoListResponseDto.swift; sourceTree = "<group>"; };
		D72780132CFA09E800AE853A /* Todo.Extensions.swift */ = {isa = PBXFileReference; lastKnownFileType = sourcecode.swift; path = Todo.Extensions.swift; sourceTree = "<group>"; };
		D72780232CFA237D00AE853A /* TodoListView.swift */ = {isa = PBXFileReference; lastKnownFileType = sourcecode.swift; path = TodoListView.swift; sourceTree = "<group>"; };
		D72780252CFA238700AE853A /* TodoListPresenter.swift */ = {isa = PBXFileReference; lastKnownFileType = sourcecode.swift; path = TodoListPresenter.swift; sourceTree = "<group>"; };
		D72780272CFA239200AE853A /* TodoListInteractor.swift */ = {isa = PBXFileReference; lastKnownFileType = sourcecode.swift; path = TodoListInteractor.swift; sourceTree = "<group>"; };
		D72780292CFA23A000AE853A /* TodoListRouter.swift */ = {isa = PBXFileReference; lastKnownFileType = sourcecode.swift; path = TodoListRouter.swift; sourceTree = "<group>"; };
		D727802B2CFA23B400AE853A /* TodoListConfigurator.swift */ = {isa = PBXFileReference; lastKnownFileType = sourcecode.swift; path = TodoListConfigurator.swift; sourceTree = "<group>"; };
		D727802D2CFA23BC00AE853A /* TodoListEntity.swift */ = {isa = PBXFileReference; lastKnownFileType = sourcecode.swift; path = TodoListEntity.swift; sourceTree = "<group>"; };
		D72780312CFA3D2700AE853A /* TodoDetailView.swift */ = {isa = PBXFileReference; fileEncoding = 4; lastKnownFileType = sourcecode.swift; path = TodoDetailView.swift; sourceTree = "<group>"; };
		D77390F52CF6501C00795469 /* EMTodoList.app */ = {isa = PBXFileReference; explicitFileType = wrapper.application; includeInIndex = 0; path = EMTodoList.app; sourceTree = BUILT_PRODUCTS_DIR; };
		D77390F82CF6501C00795469 /* AppDelegate.swift */ = {isa = PBXFileReference; lastKnownFileType = sourcecode.swift; path = AppDelegate.swift; sourceTree = "<group>"; };
		D77390FA2CF6501C00795469 /* SceneDelegate.swift */ = {isa = PBXFileReference; lastKnownFileType = sourcecode.swift; path = SceneDelegate.swift; sourceTree = "<group>"; };
		D77391012CF6502500795469 /* Assets.xcassets */ = {isa = PBXFileReference; lastKnownFileType = folder.assetcatalog; path = Assets.xcassets; sourceTree = "<group>"; };
		D77391042CF6502500795469 /* Base */ = {isa = PBXFileReference; lastKnownFileType = file.storyboard; name = Base; path = Base.lproj/LaunchScreen.storyboard; sourceTree = "<group>"; };
		D77391062CF6502500795469 /* Info.plist */ = {isa = PBXFileReference; lastKnownFileType = text.plist.xml; path = Info.plist; sourceTree = "<group>"; };
		D773910B2CF6502600795469 /* EMTodoListTests.xctest */ = {isa = PBXFileReference; explicitFileType = wrapper.cfbundle; includeInIndex = 0; path = EMTodoListTests.xctest; sourceTree = BUILT_PRODUCTS_DIR; };
		D773910F2CF6502600795469 /* EMTodoListTests.swift */ = {isa = PBXFileReference; lastKnownFileType = sourcecode.swift; path = EMTodoListTests.swift; sourceTree = "<group>"; };
		D77391152CF6502600795469 /* EMTodoListUITests.xctest */ = {isa = PBXFileReference; explicitFileType = wrapper.cfbundle; includeInIndex = 0; path = EMTodoListUITests.xctest; sourceTree = BUILT_PRODUCTS_DIR; };
		D77391192CF6502600795469 /* EMTodoListUITests.swift */ = {isa = PBXFileReference; lastKnownFileType = sourcecode.swift; path = EMTodoListUITests.swift; sourceTree = "<group>"; };
		D773911B2CF6502600795469 /* EMTodoListUITestsLaunchTests.swift */ = {isa = PBXFileReference; lastKnownFileType = sourcecode.swift; path = EMTodoListUITestsLaunchTests.swift; sourceTree = "<group>"; };
		D7AEB7B12CFB38E000691663 /* TodoTableCellEntity.swift */ = {isa = PBXFileReference; lastKnownFileType = sourcecode.swift; path = TodoTableCellEntity.swift; sourceTree = "<group>"; };
		D7AEB7B92CFB43B000691663 /* TodoListViewProtocols.swift */ = {isa = PBXFileReference; lastKnownFileType = sourcecode.swift; path = TodoListViewProtocols.swift; sourceTree = "<group>"; };
		D7AEB7BB2CFB43E000691663 /* TodoListPresenterProtocols.swift */ = {isa = PBXFileReference; lastKnownFileType = sourcecode.swift; path = TodoListPresenterProtocols.swift; sourceTree = "<group>"; };
		D7AEB7BD2CFB440B00691663 /* TodoListInteractorProtocols.swift */ = {isa = PBXFileReference; lastKnownFileType = sourcecode.swift; path = TodoListInteractorProtocols.swift; sourceTree = "<group>"; };
		D7AEB7BF2CFB443F00691663 /* TodoListRouterProtocols.swift */ = {isa = PBXFileReference; lastKnownFileType = sourcecode.swift; path = TodoListRouterProtocols.swift; sourceTree = "<group>"; };
		D7AEB7C12CFB445C00691663 /* TodoListConfiguratorProtocols.swift */ = {isa = PBXFileReference; lastKnownFileType = sourcecode.swift; path = TodoListConfiguratorProtocols.swift; sourceTree = "<group>"; };
		D7AEB7C52CFB58E500691663 /* CoreDataStack.Todo.swift */ = {isa = PBXFileReference; lastKnownFileType = sourcecode.swift; path = CoreDataStack.Todo.swift; sourceTree = "<group>"; };
		D7AEB7C72CFB977100691663 /* TodoList.Localizable.xcstrings */ = {isa = PBXFileReference; lastKnownFileType = text.json.xcstrings; path = TodoList.Localizable.xcstrings; sourceTree = "<group>"; };
		D7AEB7C92CFB97BD00691663 /* TodoListAssets.swift */ = {isa = PBXFileReference; lastKnownFileType = sourcecode.swift; path = TodoListAssets.swift; sourceTree = "<group>"; };
		D7AEB7CF2CFC52B700691663 /* TodoDetailViewProtocols.swift */ = {isa = PBXFileReference; lastKnownFileType = sourcecode.swift; path = TodoDetailViewProtocols.swift; sourceTree = "<group>"; };
		D7AEB7D12CFC530D00691663 /* TodoDetailPresenterProtocols.swift */ = {isa = PBXFileReference; lastKnownFileType = sourcecode.swift; path = TodoDetailPresenterProtocols.swift; sourceTree = "<group>"; };
		D7AEB7D32CFC5DC700691663 /* Notifications.Localizable.xcstrings */ = {isa = PBXFileReference; lastKnownFileType = text.json.xcstrings; path = Notifications.Localizable.xcstrings; sourceTree = "<group>"; };
		D7AEB7D52CFC5EA500691663 /* NotificationsAssets.swift */ = {isa = PBXFileReference; lastKnownFileType = sourcecode.swift; path = NotificationsAssets.swift; sourceTree = "<group>"; };
		D7AEB7D72CFC5FAD00691663 /* TodoDetailInteractorProtocols.swift */ = {isa = PBXFileReference; lastKnownFileType = sourcecode.swift; path = TodoDetailInteractorProtocols.swift; sourceTree = "<group>"; };
		D7AEB7DB2CFC7A9300691663 /* TodoDetailConfiguratorProtocols.swift */ = {isa = PBXFileReference; lastKnownFileType = sourcecode.swift; path = TodoDetailConfiguratorProtocols.swift; sourceTree = "<group>"; };
		D7AEB7DD2CFC9DFF00691663 /* TodoDetailModuleDelegate.swift */ = {isa = PBXFileReference; lastKnownFileType = sourcecode.swift; path = TodoDetailModuleDelegate.swift; sourceTree = "<group>"; };
		D7AEB7DF2CFCBCA600691663 /* ContextMenu.Localizable.xcstrings */ = {isa = PBXFileReference; lastKnownFileType = text.json.xcstrings; path = ContextMenu.Localizable.xcstrings; sourceTree = "<group>"; };
		D7AEB7E12CFCBCF600691663 /* ContextMenuAssets.swift */ = {isa = PBXFileReference; lastKnownFileType = sourcecode.swift; path = ContextMenuAssets.swift; sourceTree = "<group>"; };
		D7AEB7E32CFD105800691663 /* SharedButtons.Localizablle.xcstrings */ = {isa = PBXFileReference; lastKnownFileType = text.json.xcstrings; path = SharedButtons.Localizablle.xcstrings; sourceTree = "<group>"; };
		D7AEB7E52CFD108900691663 /* SharedButtonsAssets.swift */ = {isa = PBXFileReference; lastKnownFileType = sourcecode.swift; path = SharedButtonsAssets.swift; sourceTree = "<group>"; };
/* End PBXFileReference section */

/* Begin PBXFrameworksBuildPhase section */
		D7277F892CF76FB100AE853A /* Frameworks */ = {
			isa = PBXFrameworksBuildPhase;
			buildActionMask = 2147483647;
			files = (
			);
			runOnlyForDeploymentPostprocessing = 0;
		};
		D7277FA02CF7732D00AE853A /* Frameworks */ = {
			isa = PBXFrameworksBuildPhase;
			buildActionMask = 2147483647;
			files = (
				D7277FB12CF7738B00AE853A /* libEMCore.a in Frameworks */,
			);
			runOnlyForDeploymentPostprocessing = 0;
		};
		D7277FBE2CF7919E00AE853A /* Frameworks */ = {
			isa = PBXFrameworksBuildPhase;
			buildActionMask = 2147483647;
			files = (
				D7277FCF2CF79E7900AE853A /* libEMCore.a in Frameworks */,
			);
			runOnlyForDeploymentPostprocessing = 0;
		};
		D72780002CF9B7CE00AE853A /* Frameworks */ = {
			isa = PBXFrameworksBuildPhase;
			buildActionMask = 2147483647;
			files = (
				D727800D2CF9BB5600AE853A /* libEMCore.a in Frameworks */,
				D727800E2CF9BB5600AE853A /* libEMNetworkingService.a in Frameworks */,
			);
			runOnlyForDeploymentPostprocessing = 0;
		};
		D77390F22CF6501C00795469 /* Frameworks */ = {
			isa = PBXFrameworksBuildPhase;
			buildActionMask = 2147483647;
			files = (
				D7277FE32CF7AECE00AE853A /* libEMCore.a in Frameworks */,
				D7277FE42CF7AECE00AE853A /* libEMCoreDataStack.a in Frameworks */,
				D7277FE52CF7AECE00AE853A /* libEMNetworkingService.a in Frameworks */,
				D727802F2CFA373000AE853A /* libEMTodoApiService.a in Frameworks */,
			);
			runOnlyForDeploymentPostprocessing = 0;
		};
		D77391082CF6502600795469 /* Frameworks */ = {
			isa = PBXFrameworksBuildPhase;
			buildActionMask = 2147483647;
			files = (
			);
			runOnlyForDeploymentPostprocessing = 0;
		};
		D77391122CF6502600795469 /* Frameworks */ = {
			isa = PBXFrameworksBuildPhase;
			buildActionMask = 2147483647;
			files = (
			);
			runOnlyForDeploymentPostprocessing = 0;
		};
/* End PBXFrameworksBuildPhase section */

/* Begin PBXGroup section */
		D71C94C12CFAF1B200198934 /* Assets */ = {
			isa = PBXGroup;
			children = (
				D71C94C22CFAF1D800198934 /* TodoTableCellAssets.swift */,
				D7AEB7C92CFB97BD00691663 /* TodoListAssets.swift */,
				D7AEB7C72CFB977100691663 /* TodoList.Localizable.xcstrings */,
			);
			path = Assets;
			sourceTree = "<group>";
		};
		D7277F872CF76F8300AE853A /* Core */ = {
			isa = PBXGroup;
			children = (
				D7277F8D2CF76FB100AE853A /* EMCore */,
			);
			path = Core;
			sourceTree = "<group>";
		};
		D7277F8D2CF76FB100AE853A /* EMCore */ = {
			isa = PBXGroup;
			children = (
				D7277FDC2CF7AD9C00AE853A /* Extensions */,
				D7277FD92CF7A32600AE853A /* Entities */,
				D7277F9D2CF772EC00AE853A /* AppConstants.swift */,
				D7277F932CF76FD800AE853A /* AppErrorProtocol.swift */,
				D7277FD52CF79F7000AE853A /* EnumProtocol.swift */,
				D7277FD72CF7A1BB00AE853A /* OperationProtocol.swift */,
			);
			path = EMCore;
			sourceTree = "<group>";
		};
		D7277FA42CF7732D00AE853A /* EMNetworkingService */ = {
			isa = PBXGroup;
			children = (
				D7277FB32CF78B1500AE853A /* Base */,
				D7277FB42CF78B5400AE853A /* NetworkingServiceProtocol.swift */,
				D7277FB82CF78BD600AE853A /* NetworkingService.swift */,
				D7277FB62CF78B9600AE853A /* NetworkingServiceError.swift */,
			);
			path = EMNetworkingService;
			sourceTree = "<group>";
		};
		D7277FAA2CF7733300AE853A /* Services */ = {
			isa = PBXGroup;
			children = (
				D72780042CF9B7CF00AE853A /* EMTodoApiService */,
				D7277FC22CF7919F00AE853A /* EMCoreDataStack */,
				D7277FA42CF7732D00AE853A /* EMNetworkingService */,
			);
			path = Services;
			sourceTree = "<group>";
		};
		D7277FB02CF7738B00AE853A /* Frameworks */ = {
			isa = PBXGroup;
			children = (
			);
			name = Frameworks;
			sourceTree = "<group>";
		};
		D7277FB32CF78B1500AE853A /* Base */ = {
			isa = PBXGroup;
			children = (
				D7277FAE2CF7736600AE853A /* NetworkResponseErrorProtocol.swift */,
				D7277F972CF7709800AE853A /* Endpoint.swift */,
				D7277F992CF770C500AE853A /* RequestMethod.swift */,
				D7277F9B2CF770D800AE853A /* RequestConfiguration.swift */,
			);
			path = Base;
			sourceTree = "<group>";
		};
		D7277FC22CF7919F00AE853A /* EMCoreDataStack */ = {
			isa = PBXGroup;
			children = (
				D7277FD22CF79F3300AE853A /* Base */,
				D7277FC32CF7919F00AE853A /* CoreDataStack.swift */,
				D7AEB7C52CFB58E500691663 /* CoreDataStack.Todo.swift */,
				D7277FD02CF79ED400AE853A /* CoreDataStackOperation.swift */,
				D7277FCD2CF79E5200AE853A /* CoreDataStackOperationError.swift */,
			);
			path = EMCoreDataStack;
			sourceTree = "<group>";
		};
		D7277FD22CF79F3300AE853A /* Base */ = {
			isa = PBXGroup;
			children = (
				D7277FD32CF79F3B00AE853A /* CoreDataDatabase.swift */,
				D7277FC82CF7922200AE853A /* TodoCoreDataModel.swift */,
			);
			path = Base;
			sourceTree = "<group>";
		};
		D7277FD92CF7A32600AE853A /* Entities */ = {
			isa = PBXGroup;
			children = (
				D7277FDA2CF7A33400AE853A /* Todo.swift */,
			);
			path = Entities;
			sourceTree = "<group>";
		};
		D7277FDC2CF7AD9C00AE853A /* Extensions */ = {
			isa = PBXGroup;
			children = (
				D7277FDD2CF7ADB400AE853A /* Logger.Extensions.swift */,
				D7277FFC2CF8C5B300AE853A /* Date.Extensions.swift */,
			);
			path = Extensions;
			sourceTree = "<group>";
		};
		D7277FE62CF7BF2400AE853A /* TodoDetailModule */ = {
			isa = PBXGroup;
			children = (
				D7AEB7DD2CFC9DFF00691663 /* TodoDetailModuleDelegate.swift */,
				D7277FF32CF8941D00AE853A /* Assets */,
				D7AEB7D92CFC7A1900691663 /* Configurator */,
				D7AEB7CB2CFC51E000691663 /* View */,
				D7AEB7CC2CFC51EE00691663 /* Presenter */,
				D7AEB7CD2CFC51F800691663 /* Interactor */,
				D7AEB7CE2CFC520200691663 /* Router */,
				D7AEB7DA2CFC7A6900691663 /* Entity */,
			);
			path = TodoDetailModule;
			sourceTree = "<group>";
		};
		D7277FF32CF8941D00AE853A /* Assets */ = {
			isa = PBXGroup;
			children = (
				D7277FFA2CF896AC00AE853A /* TodoDetail.Localizable.xcstrings */,
				D7277FF52CF8949D00AE853A /* TodoDetailAssets.swift */,
			);
			path = Assets;
			sourceTree = "<group>";
		};
		D7277FF72CF894F900AE853A /* Resources */ = {
			isa = PBXGroup;
			children = (
				D77391012CF6502500795469 /* Assets.xcassets */,
				D7AEB7D32CFC5DC700691663 /* Notifications.Localizable.xcstrings */,
				D7AEB7E32CFD105800691663 /* SharedButtons.Localizablle.xcstrings */,
				D7AEB7DF2CFCBCA600691663 /* ContextMenu.Localizable.xcstrings */,
				D7277FF82CF8951100AE853A /* AssetsProtocols.swift */,
				D7AEB7D52CFC5EA500691663 /* NotificationsAssets.swift */,
				D7AEB7E12CFCBCF600691663 /* ContextMenuAssets.swift */,
				D7AEB7E52CFD108900691663 /* SharedButtonsAssets.swift */,
			);
			path = Resources;
			sourceTree = "<group>";
		};
		D72780042CF9B7CF00AE853A /* EMTodoApiService */ = {
			isa = PBXGroup;
			children = (
				D72780122CFA09CF00AE853A /* Extensions */,
				D727800A2CF9BA2600AE853A /* NetworkDTOs */,
				D72780052CF9B7CF00AE853A /* TodoApiService.swift */,
			);
			path = EMTodoApiService;
			sourceTree = "<group>";
		};
		D727800A2CF9BA2600AE853A /* NetworkDTOs */ = {
			isa = PBXGroup;
			children = (
				D727800B2CF9BA5700AE853A /* TodoResponseDto.swift */,
				D727800F2CF9BC1D00AE853A /* TodoListResponseDto.swift */,
			);
			path = NetworkDTOs;
			sourceTree = "<group>";
		};
		D72780122CFA09CF00AE853A /* Extensions */ = {
			isa = PBXGroup;
			children = (
				D72780132CFA09E800AE853A /* Todo.Extensions.swift */,
			);
			path = Extensions;
			sourceTree = "<group>";
		};
		D72780222CFA236200AE853A /* TodoListModule */ = {
			isa = PBXGroup;
			children = (
				D71C94C12CFAF1B200198934 /* Assets */,
				D7AEB7B82CFB435000691663 /* Configurator */,
				D7AEB7B42CFB432200691663 /* View */,
				D7AEB7B52CFB433100691663 /* Presenter */,
				D7AEB7B62CFB433E00691663 /* Interactor */,
				D7AEB7B72CFB434900691663 /* Router */,
				D7AEB7C32CFB447300691663 /* Entities */,
			);
			path = TodoListModule;
			sourceTree = "<group>";
		};
		D77390EC2CF6501C00795469 = {
			isa = PBXGroup;
			children = (
				D7277FBA2CF7905A00AE853A /* ToDoModel.xcdatamodeld */,
				D77390F72CF6501C00795469 /* EMTodoList */,
				D773910E2CF6502600795469 /* EMTodoListTests */,
				D77391182CF6502600795469 /* EMTodoListUITests */,
				D7277FAA2CF7733300AE853A /* Services */,
				D7277F872CF76F8300AE853A /* Core */,
				D77390F62CF6501C00795469 /* Products */,
				D7277FB02CF7738B00AE853A /* Frameworks */,
			);
			sourceTree = "<group>";
		};
		D77390F62CF6501C00795469 /* Products */ = {
			isa = PBXGroup;
			children = (
				D77390F52CF6501C00795469 /* EMTodoList.app */,
				D773910B2CF6502600795469 /* EMTodoListTests.xctest */,
				D77391152CF6502600795469 /* EMTodoListUITests.xctest */,
				D7277F8C2CF76FB100AE853A /* libEMCore.a */,
				D7277FA32CF7732D00AE853A /* libEMNetworkingService.a */,
				D7277FC12CF7919E00AE853A /* libEMCoreDataStack.a */,
				D72780032CF9B7CF00AE853A /* libEMTodoApiService.a */,
			);
			name = Products;
			sourceTree = "<group>";
		};
		D77390F72CF6501C00795469 /* EMTodoList */ = {
			isa = PBXGroup;
			children = (
				D77391062CF6502500795469 /* Info.plist */,
				D77391032CF6502500795469 /* LaunchScreen.storyboard */,
				D77390F82CF6501C00795469 /* AppDelegate.swift */,
				D77390FA2CF6501C00795469 /* SceneDelegate.swift */,
				D7277FDF2CF7AE8C00AE853A /* ManagerProvider.swift */,
				D7277FF72CF894F900AE853A /* Resources */,
				D72780222CFA236200AE853A /* TodoListModule */,
				D7277FE62CF7BF2400AE853A /* TodoDetailModule */,
			);
			path = EMTodoList;
			sourceTree = "<group>";
		};
		D773910E2CF6502600795469 /* EMTodoListTests */ = {
			isa = PBXGroup;
			children = (
				D773910F2CF6502600795469 /* EMTodoListTests.swift */,
			);
			path = EMTodoListTests;
			sourceTree = "<group>";
		};
		D77391182CF6502600795469 /* EMTodoListUITests */ = {
			isa = PBXGroup;
			children = (
				D77391192CF6502600795469 /* EMTodoListUITests.swift */,
				D773911B2CF6502600795469 /* EMTodoListUITestsLaunchTests.swift */,
			);
			path = EMTodoListUITests;
			sourceTree = "<group>";
		};
		D7AEB7B42CFB432200691663 /* View */ = {
			isa = PBXGroup;
			children = (
				D7AEB7B92CFB43B000691663 /* TodoListViewProtocols.swift */,
				D702C14E2CFA50BA009098FC /* TodoTableCellView.swift */,
				D72780232CFA237D00AE853A /* TodoListView.swift */,
			);
			path = View;
			sourceTree = "<group>";
		};
		D7AEB7B52CFB433100691663 /* Presenter */ = {
			isa = PBXGroup;
			children = (
				D7AEB7BB2CFB43E000691663 /* TodoListPresenterProtocols.swift */,
				D72780252CFA238700AE853A /* TodoListPresenter.swift */,
			);
			path = Presenter;
			sourceTree = "<group>";
		};
		D7AEB7B62CFB433E00691663 /* Interactor */ = {
			isa = PBXGroup;
			children = (
				D7AEB7BD2CFB440B00691663 /* TodoListInteractorProtocols.swift */,
				D72780272CFA239200AE853A /* TodoListInteractor.swift */,
			);
			path = Interactor;
			sourceTree = "<group>";
		};
		D7AEB7B72CFB434900691663 /* Router */ = {
			isa = PBXGroup;
			children = (
				D7AEB7BF2CFB443F00691663 /* TodoListRouterProtocols.swift */,
				D72780292CFA23A000AE853A /* TodoListRouter.swift */,
			);
			path = Router;
			sourceTree = "<group>";
		};
		D7AEB7B82CFB435000691663 /* Configurator */ = {
			isa = PBXGroup;
			children = (
				D7AEB7C12CFB445C00691663 /* TodoListConfiguratorProtocols.swift */,
				D727802B2CFA23B400AE853A /* TodoListConfigurator.swift */,
			);
			path = Configurator;
			sourceTree = "<group>";
		};
		D7AEB7C32CFB447300691663 /* Entities */ = {
			isa = PBXGroup;
			children = (
				D727802D2CFA23BC00AE853A /* TodoListEntity.swift */,
				D7AEB7B12CFB38E000691663 /* TodoTableCellEntity.swift */,
			);
			path = Entities;
			sourceTree = "<group>";
		};
		D7AEB7CB2CFC51E000691663 /* View */ = {
			isa = PBXGroup;
			children = (
				D7AEB7CF2CFC52B700691663 /* TodoDetailViewProtocols.swift */,
				D72780312CFA3D2700AE853A /* TodoDetailView.swift */,
			);
			path = View;
			sourceTree = "<group>";
		};
		D7AEB7CC2CFC51EE00691663 /* Presenter */ = {
			isa = PBXGroup;
			children = (
				D7AEB7D12CFC530D00691663 /* TodoDetailPresenterProtocols.swift */,
				D7277FEB2CF7BFE900AE853A /* TodoDetailPresenter.swift */,
			);
			path = Presenter;
			sourceTree = "<group>";
		};
		D7AEB7CD2CFC51F800691663 /* Interactor */ = {
			isa = PBXGroup;
			children = (
				D7AEB7D72CFC5FAD00691663 /* TodoDetailInteractorProtocols.swift */,
				D7277FE92CF7BFD300AE853A /* TodoDetailInteractor.swift */,
			);
			path = Interactor;
			sourceTree = "<group>";
		};
		D7AEB7CE2CFC520200691663 /* Router */ = {
			isa = PBXGroup;
			children = (
				D7277FEF2CF7C0BF00AE853A /* TodoDetailRouter.swift */,
			);
			path = Router;
			sourceTree = "<group>";
		};
		D7AEB7D92CFC7A1900691663 /* Configurator */ = {
			isa = PBXGroup;
			children = (
				D7AEB7DB2CFC7A9300691663 /* TodoDetailConfiguratorProtocols.swift */,
				D7277FF12CF7C0F000AE853A /* TodoDetailConfigurator.swift */,
			);
			path = Configurator;
			sourceTree = "<group>";
		};
		D7AEB7DA2CFC7A6900691663 /* Entity */ = {
			isa = PBXGroup;
			children = (
				D7277FED2CF7C0A700AE853A /* TodoDetailEntity.swift */,
			);
			path = Entity;
			sourceTree = "<group>";
		};
/* End PBXGroup section */

/* Begin PBXNativeTarget section */
		D7277F8B2CF76FB100AE853A /* EMCore */ = {
			isa = PBXNativeTarget;
			buildConfigurationList = D7277F902CF76FB100AE853A /* Build configuration list for PBXNativeTarget "EMCore" */;
			buildPhases = (
				D7277F882CF76FB100AE853A /* Sources */,
				D7277F892CF76FB100AE853A /* Frameworks */,
				D7277F8A2CF76FB100AE853A /* CopyFiles */,
			);
			buildRules = (
			);
			dependencies = (
			);
			name = EMCore;
			productName = EMCore;
			productReference = D7277F8C2CF76FB100AE853A /* libEMCore.a */;
			productType = "com.apple.product-type.library.static";
		};
		D7277FA22CF7732D00AE853A /* EMNetworkingService */ = {
			isa = PBXNativeTarget;
			buildConfigurationList = D7277FA72CF7732D00AE853A /* Build configuration list for PBXNativeTarget "EMNetworkingService" */;
			buildPhases = (
				D7277F9F2CF7732D00AE853A /* Sources */,
				D7277FA02CF7732D00AE853A /* Frameworks */,
				D7277FA12CF7732D00AE853A /* CopyFiles */,
			);
			buildRules = (
			);
			dependencies = (
			);
			name = EMNetworkingService;
			productName = EMNetworkingService;
			productReference = D7277FA32CF7732D00AE853A /* libEMNetworkingService.a */;
			productType = "com.apple.product-type.library.static";
		};
		D7277FC02CF7919E00AE853A /* EMCoreDataStack */ = {
			isa = PBXNativeTarget;
			buildConfigurationList = D7277FC52CF7919F00AE853A /* Build configuration list for PBXNativeTarget "EMCoreDataStack" */;
			buildPhases = (
				D7277FBD2CF7919E00AE853A /* Sources */,
				D7277FBE2CF7919E00AE853A /* Frameworks */,
				D7277FBF2CF7919E00AE853A /* CopyFiles */,
			);
			buildRules = (
			);
			dependencies = (
			);
			name = EMCoreDataStack;
			productName = EMCoreDataStack;
			productReference = D7277FC12CF7919E00AE853A /* libEMCoreDataStack.a */;
			productType = "com.apple.product-type.library.static";
		};
		D72780022CF9B7CE00AE853A /* EMTodoApiService */ = {
			isa = PBXNativeTarget;
			buildConfigurationList = D72780072CF9B7CF00AE853A /* Build configuration list for PBXNativeTarget "EMTodoApiService" */;
			buildPhases = (
				D7277FFF2CF9B7CE00AE853A /* Sources */,
				D72780002CF9B7CE00AE853A /* Frameworks */,
				D72780012CF9B7CE00AE853A /* CopyFiles */,
			);
			buildRules = (
			);
			dependencies = (
			);
			name = EMTodoApiService;
			productName = EMTodoApiService;
			productReference = D72780032CF9B7CF00AE853A /* libEMTodoApiService.a */;
			productType = "com.apple.product-type.library.static";
		};
		D77390F42CF6501C00795469 /* EMTodoList */ = {
			isa = PBXNativeTarget;
			buildConfigurationList = D773911F2CF6502600795469 /* Build configuration list for PBXNativeTarget "EMTodoList" */;
			buildPhases = (
				D77390F12CF6501C00795469 /* Sources */,
				D77390F22CF6501C00795469 /* Frameworks */,
				D77390F32CF6501C00795469 /* Resources */,
			);
			buildRules = (
			);
			dependencies = (
			);
			name = EMTodoList;
			productName = EMTodoList;
			productReference = D77390F52CF6501C00795469 /* EMTodoList.app */;
			productType = "com.apple.product-type.application";
		};
		D773910A2CF6502600795469 /* EMTodoListTests */ = {
			isa = PBXNativeTarget;
			buildConfigurationList = D77391222CF6502600795469 /* Build configuration list for PBXNativeTarget "EMTodoListTests" */;
			buildPhases = (
				D77391072CF6502600795469 /* Sources */,
				D77391082CF6502600795469 /* Frameworks */,
				D77391092CF6502600795469 /* Resources */,
			);
			buildRules = (
			);
			dependencies = (
				D773910D2CF6502600795469 /* PBXTargetDependency */,
			);
			name = EMTodoListTests;
			productName = EMTodoListTests;
			productReference = D773910B2CF6502600795469 /* EMTodoListTests.xctest */;
			productType = "com.apple.product-type.bundle.unit-test";
		};
		D77391142CF6502600795469 /* EMTodoListUITests */ = {
			isa = PBXNativeTarget;
			buildConfigurationList = D77391252CF6502600795469 /* Build configuration list for PBXNativeTarget "EMTodoListUITests" */;
			buildPhases = (
				D77391112CF6502600795469 /* Sources */,
				D77391122CF6502600795469 /* Frameworks */,
				D77391132CF6502600795469 /* Resources */,
			);
			buildRules = (
			);
			dependencies = (
				D77391172CF6502600795469 /* PBXTargetDependency */,
			);
			name = EMTodoListUITests;
			productName = EMTodoListUITests;
			productReference = D77391152CF6502600795469 /* EMTodoListUITests.xctest */;
			productType = "com.apple.product-type.bundle.ui-testing";
		};
/* End PBXNativeTarget section */

/* Begin PBXProject section */
		D77390ED2CF6501C00795469 /* Project object */ = {
			isa = PBXProject;
			attributes = {
				BuildIndependentTargetsInParallel = 1;
				LastSwiftUpdateCheck = 1520;
				LastUpgradeCheck = 1520;
				TargetAttributes = {
					D7277F8B2CF76FB100AE853A = {
						CreatedOnToolsVersion = 15.2;
					};
					D7277FA22CF7732D00AE853A = {
						CreatedOnToolsVersion = 15.2;
					};
					D7277FC02CF7919E00AE853A = {
						CreatedOnToolsVersion = 15.2;
					};
					D72780022CF9B7CE00AE853A = {
						CreatedOnToolsVersion = 15.2;
					};
					D77390F42CF6501C00795469 = {
						CreatedOnToolsVersion = 15.2;
					};
					D773910A2CF6502600795469 = {
						CreatedOnToolsVersion = 15.2;
						TestTargetID = D77390F42CF6501C00795469;
					};
					D77391142CF6502600795469 = {
						CreatedOnToolsVersion = 15.2;
						TestTargetID = D77390F42CF6501C00795469;
					};
				};
			};
			buildConfigurationList = D77390F02CF6501C00795469 /* Build configuration list for PBXProject "EMTodoList" */;
			compatibilityVersion = "Xcode 14.0";
			developmentRegion = en;
			hasScannedForEncodings = 0;
			knownRegions = (
				en,
				Base,
				ru,
			);
			mainGroup = D77390EC2CF6501C00795469;
			productRefGroup = D77390F62CF6501C00795469 /* Products */;
			projectDirPath = "";
			projectRoot = "";
			targets = (
				D77390F42CF6501C00795469 /* EMTodoList */,
				D773910A2CF6502600795469 /* EMTodoListTests */,
				D77391142CF6502600795469 /* EMTodoListUITests */,
				D7277F8B2CF76FB100AE853A /* EMCore */,
				D7277FA22CF7732D00AE853A /* EMNetworkingService */,
				D7277FC02CF7919E00AE853A /* EMCoreDataStack */,
				D72780022CF9B7CE00AE853A /* EMTodoApiService */,
			);
		};
/* End PBXProject section */

/* Begin PBXResourcesBuildPhase section */
		D77390F32CF6501C00795469 /* Resources */ = {
			isa = PBXResourcesBuildPhase;
			buildActionMask = 2147483647;
			files = (
				D7AEB7E02CFCBCA600691663 /* ContextMenu.Localizable.xcstrings in Resources */,
				D7AEB7E42CFD105900691663 /* SharedButtons.Localizablle.xcstrings in Resources */,
				D7AEB7D42CFC5DC700691663 /* Notifications.Localizable.xcstrings in Resources */,
				D7AEB7C82CFB977100691663 /* TodoList.Localizable.xcstrings in Resources */,
				D7AEB7B32CFB42EB00691663 /* ToDoModel.xcdatamodeld in Resources */,
				D77391052CF6502500795469 /* LaunchScreen.storyboard in Resources */,
				D77391022CF6502500795469 /* Assets.xcassets in Resources */,
				D7277FFB2CF896AC00AE853A /* TodoDetail.Localizable.xcstrings in Resources */,
			);
			runOnlyForDeploymentPostprocessing = 0;
		};
		D77391092CF6502600795469 /* Resources */ = {
			isa = PBXResourcesBuildPhase;
			buildActionMask = 2147483647;
			files = (
			);
			runOnlyForDeploymentPostprocessing = 0;
		};
		D77391132CF6502600795469 /* Resources */ = {
			isa = PBXResourcesBuildPhase;
			buildActionMask = 2147483647;
			files = (
			);
			runOnlyForDeploymentPostprocessing = 0;
		};
/* End PBXResourcesBuildPhase section */

/* Begin PBXSourcesBuildPhase section */
		D7277F882CF76FB100AE853A /* Sources */ = {
			isa = PBXSourcesBuildPhase;
			buildActionMask = 2147483647;
			files = (
				D7277FDE2CF7ADB400AE853A /* Logger.Extensions.swift in Sources */,
				D7277F9E2CF772EC00AE853A /* AppConstants.swift in Sources */,
				D7277FD82CF7A1BB00AE853A /* OperationProtocol.swift in Sources */,
				D7277FDB2CF7A33400AE853A /* Todo.swift in Sources */,
				D7277FD62CF79F7000AE853A /* EnumProtocol.swift in Sources */,
				D7277FFE2CF8C5C400AE853A /* Date.Extensions.swift in Sources */,
				D7277F942CF76FD800AE853A /* AppErrorProtocol.swift in Sources */,
			);
			runOnlyForDeploymentPostprocessing = 0;
		};
		D7277F9F2CF7732D00AE853A /* Sources */ = {
			isa = PBXSourcesBuildPhase;
			buildActionMask = 2147483647;
			files = (
				D7277FB22CF773B000AE853A /* NetworkResponseErrorProtocol.swift in Sources */,
				D7277FAC2CF7734300AE853A /* RequestConfiguration.swift in Sources */,
				D7277FAB2CF7734300AE853A /* RequestMethod.swift in Sources */,
				D7277FB52CF78B5400AE853A /* NetworkingServiceProtocol.swift in Sources */,
				D7277FB72CF78B9600AE853A /* NetworkingServiceError.swift in Sources */,
				D7277FBC2CF7905A00AE853A /* ToDoModel.xcdatamodeld in Sources */,
				D7277FB92CF78BD600AE853A /* NetworkingService.swift in Sources */,
				D7277FAD2CF7734300AE853A /* Endpoint.swift in Sources */,
			);
			runOnlyForDeploymentPostprocessing = 0;
		};
		D7277FBD2CF7919E00AE853A /* Sources */ = {
			isa = PBXSourcesBuildPhase;
			buildActionMask = 2147483647;
			files = (
				D7AEB7C62CFB58E500691663 /* CoreDataStack.Todo.swift in Sources */,
				D7277FCC2CF7925D00AE853A /* TodoCoreDataModel.swift in Sources */,
				D7277FD12CF79ED400AE853A /* CoreDataStackOperation.swift in Sources */,
				D7277FCE2CF79E5200AE853A /* CoreDataStackOperationError.swift in Sources */,
				D7277FC42CF7919F00AE853A /* CoreDataStack.swift in Sources */,
				D7277FD42CF79F3B00AE853A /* CoreDataDatabase.swift in Sources */,
			);
			runOnlyForDeploymentPostprocessing = 0;
		};
		D7277FFF2CF9B7CE00AE853A /* Sources */ = {
			isa = PBXSourcesBuildPhase;
			buildActionMask = 2147483647;
			files = (
				D72780102CF9BC1D00AE853A /* TodoListResponseDto.swift in Sources */,
				D72780142CFA09E800AE853A /* Todo.Extensions.swift in Sources */,
				D727800C2CF9BA5700AE853A /* TodoResponseDto.swift in Sources */,
				D72780062CF9B7CF00AE853A /* TodoApiService.swift in Sources */,
			);
			runOnlyForDeploymentPostprocessing = 0;
		};
		D77390F12CF6501C00795469 /* Sources */ = {
			isa = PBXSourcesBuildPhase;
			buildActionMask = 2147483647;
			files = (
				D72780262CFA238700AE853A /* TodoListPresenter.swift in Sources */,
				D7AEB7C02CFB443F00691663 /* TodoListRouterProtocols.swift in Sources */,
				D7AEB7D22CFC530D00691663 /* TodoDetailPresenterProtocols.swift in Sources */,
				D7AEB7DE2CFC9DFF00691663 /* TodoDetailModuleDelegate.swift in Sources */,
				D7AEB7C22CFB445C00691663 /* TodoListConfiguratorProtocols.swift in Sources */,
				D71C94C32CFAF1D800198934 /* TodoTableCellAssets.swift in Sources */,
				D7AEB7BA2CFB43B000691663 /* TodoListViewProtocols.swift in Sources */,
				D7AEB7D02CFC52B700691663 /* TodoDetailViewProtocols.swift in Sources */,
				D7AEB7E22CFCBCF600691663 /* ContextMenuAssets.swift in Sources */,
				D72780322CFA3D2700AE853A /* TodoDetailView.swift in Sources */,
				D7AEB7BC2CFB43E000691663 /* TodoListPresenterProtocols.swift in Sources */,
				D7AEB7D62CFC5EA500691663 /* NotificationsAssets.swift in Sources */,
				D72780282CFA239200AE853A /* TodoListInteractor.swift in Sources */,
				D727802A2CFA23A000AE853A /* TodoListRouter.swift in Sources */,
				D702C14F2CFA50BA009098FC /* TodoTableCellView.swift in Sources */,
				D77390F92CF6501C00795469 /* AppDelegate.swift in Sources */,
				D7AEB7BE2CFB440B00691663 /* TodoListInteractorProtocols.swift in Sources */,
				D72780242CFA237D00AE853A /* TodoListView.swift in Sources */,
				D7277FEE2CF7C0A700AE853A /* TodoDetailEntity.swift in Sources */,
				D7AEB7DC2CFC7A9300691663 /* TodoDetailConfiguratorProtocols.swift in Sources */,
				D7277FF92CF8951100AE853A /* AssetsProtocols.swift in Sources */,
				D7AEB7CA2CFB97BD00691663 /* TodoListAssets.swift in Sources */,
				D7AEB7D82CFC5FAD00691663 /* TodoDetailInteractorProtocols.swift in Sources */,
				D7277FF02CF7C0BF00AE853A /* TodoDetailRouter.swift in Sources */,
				D7277FE02CF7AE8C00AE853A /* ManagerProvider.swift in Sources */,
				D77390FB2CF6501C00795469 /* SceneDelegate.swift in Sources */,
				D7277FF22CF7C0F000AE853A /* TodoDetailConfigurator.swift in Sources */,
				D7277FF62CF8949D00AE853A /* TodoDetailAssets.swift in Sources */,
				D7AEB7B22CFB38E000691663 /* TodoTableCellEntity.swift in Sources */,
				D7277FEA2CF7BFD300AE853A /* TodoDetailInteractor.swift in Sources */,
				D7277FEC2CF7BFE900AE853A /* TodoDetailPresenter.swift in Sources */,
				D7AEB7E62CFD108900691663 /* SharedButtonsAssets.swift in Sources */,
				D727802E2CFA23BC00AE853A /* TodoListEntity.swift in Sources */,
				D727802C2CFA23B400AE853A /* TodoListConfigurator.swift in Sources */,
			);
			runOnlyForDeploymentPostprocessing = 0;
		};
		D77391072CF6502600795469 /* Sources */ = {
			isa = PBXSourcesBuildPhase;
			buildActionMask = 2147483647;
			files = (
				D77391102CF6502600795469 /* EMTodoListTests.swift in Sources */,
			);
			runOnlyForDeploymentPostprocessing = 0;
		};
		D77391112CF6502600795469 /* Sources */ = {
			isa = PBXSourcesBuildPhase;
			buildActionMask = 2147483647;
			files = (
				D773911C2CF6502600795469 /* EMTodoListUITestsLaunchTests.swift in Sources */,
				D773911A2CF6502600795469 /* EMTodoListUITests.swift in Sources */,
			);
			runOnlyForDeploymentPostprocessing = 0;
		};
/* End PBXSourcesBuildPhase section */

/* Begin PBXTargetDependency section */
		D773910D2CF6502600795469 /* PBXTargetDependency */ = {
			isa = PBXTargetDependency;
			target = D77390F42CF6501C00795469 /* EMTodoList */;
			targetProxy = D773910C2CF6502600795469 /* PBXContainerItemProxy */;
		};
		D77391172CF6502600795469 /* PBXTargetDependency */ = {
			isa = PBXTargetDependency;
			target = D77390F42CF6501C00795469 /* EMTodoList */;
			targetProxy = D77391162CF6502600795469 /* PBXContainerItemProxy */;
		};
/* End PBXTargetDependency section */

/* Begin PBXVariantGroup section */
		D77391032CF6502500795469 /* LaunchScreen.storyboard */ = {
			isa = PBXVariantGroup;
			children = (
				D77391042CF6502500795469 /* Base */,
			);
			name = LaunchScreen.storyboard;
			sourceTree = "<group>";
		};
/* End PBXVariantGroup section */

/* Begin XCBuildConfiguration section */
		D7277F912CF76FB100AE853A /* Debug */ = {
			isa = XCBuildConfiguration;
			buildSettings = {
				CODE_SIGN_STYLE = Automatic;
				DEVELOPMENT_TEAM = 8FA6F58X42;
				IPHONEOS_DEPLOYMENT_TARGET = 16.0;
				OTHER_LDFLAGS = "-ObjC";
				PRODUCT_NAME = "$(TARGET_NAME)";
				SKIP_INSTALL = YES;
				SWIFT_VERSION = 5.0;
				TARGETED_DEVICE_FAMILY = "1,2";
			};
			name = Debug;
		};
		D7277F922CF76FB100AE853A /* Release */ = {
			isa = XCBuildConfiguration;
			buildSettings = {
				CODE_SIGN_STYLE = Automatic;
				DEVELOPMENT_TEAM = 8FA6F58X42;
				IPHONEOS_DEPLOYMENT_TARGET = 16.0;
				OTHER_LDFLAGS = "-ObjC";
				PRODUCT_NAME = "$(TARGET_NAME)";
				SKIP_INSTALL = YES;
				SWIFT_VERSION = 5.0;
				TARGETED_DEVICE_FAMILY = "1,2";
			};
			name = Release;
		};
		D7277FA82CF7732D00AE853A /* Debug */ = {
			isa = XCBuildConfiguration;
			buildSettings = {
				CODE_SIGN_STYLE = Automatic;
				DEVELOPMENT_TEAM = 8FA6F58X42;
				IPHONEOS_DEPLOYMENT_TARGET = 16.0;
				OTHER_LDFLAGS = "-ObjC";
				PRODUCT_NAME = "$(TARGET_NAME)";
				SKIP_INSTALL = YES;
				SWIFT_VERSION = 5.0;
				TARGETED_DEVICE_FAMILY = "1,2";
			};
			name = Debug;
		};
		D7277FA92CF7732D00AE853A /* Release */ = {
			isa = XCBuildConfiguration;
			buildSettings = {
				CODE_SIGN_STYLE = Automatic;
				DEVELOPMENT_TEAM = 8FA6F58X42;
				IPHONEOS_DEPLOYMENT_TARGET = 16.0;
				OTHER_LDFLAGS = "-ObjC";
				PRODUCT_NAME = "$(TARGET_NAME)";
				SKIP_INSTALL = YES;
				SWIFT_VERSION = 5.0;
				TARGETED_DEVICE_FAMILY = "1,2";
			};
			name = Release;
		};
		D7277FC62CF7919F00AE853A /* Debug */ = {
			isa = XCBuildConfiguration;
			buildSettings = {
				CODE_SIGN_STYLE = Automatic;
				DEVELOPMENT_TEAM = 8FA6F58X42;
				IPHONEOS_DEPLOYMENT_TARGET = 16.0;
				OTHER_LDFLAGS = "-ObjC";
				PRODUCT_NAME = "$(TARGET_NAME)";
				SKIP_INSTALL = YES;
				SWIFT_VERSION = 5.0;
				TARGETED_DEVICE_FAMILY = "1,2";
			};
			name = Debug;
		};
		D7277FC72CF7919F00AE853A /* Release */ = {
			isa = XCBuildConfiguration;
			buildSettings = {
				CODE_SIGN_STYLE = Automatic;
				DEVELOPMENT_TEAM = 8FA6F58X42;
				IPHONEOS_DEPLOYMENT_TARGET = 16.0;
				OTHER_LDFLAGS = "-ObjC";
				PRODUCT_NAME = "$(TARGET_NAME)";
				SKIP_INSTALL = YES;
				SWIFT_VERSION = 5.0;
				TARGETED_DEVICE_FAMILY = "1,2";
			};
			name = Release;
		};
		D72780082CF9B7CF00AE853A /* Debug */ = {
			isa = XCBuildConfiguration;
			buildSettings = {
				CODE_SIGN_STYLE = Automatic;
				DEVELOPMENT_TEAM = 8FA6F58X42;
				IPHONEOS_DEPLOYMENT_TARGET = 16.0;
				OTHER_LDFLAGS = "-ObjC";
				PRODUCT_NAME = "$(TARGET_NAME)";
				SKIP_INSTALL = YES;
				SWIFT_VERSION = 5.0;
				TARGETED_DEVICE_FAMILY = "1,2";
			};
			name = Debug;
		};
		D72780092CF9B7CF00AE853A /* Release */ = {
			isa = XCBuildConfiguration;
			buildSettings = {
				CODE_SIGN_STYLE = Automatic;
				DEVELOPMENT_TEAM = 8FA6F58X42;
				IPHONEOS_DEPLOYMENT_TARGET = 16.0;
				OTHER_LDFLAGS = "-ObjC";
				PRODUCT_NAME = "$(TARGET_NAME)";
				SKIP_INSTALL = YES;
				SWIFT_VERSION = 5.0;
				TARGETED_DEVICE_FAMILY = "1,2";
			};
			name = Release;
		};
		D773911D2CF6502600795469 /* Debug */ = {
			isa = XCBuildConfiguration;
			buildSettings = {
				ALWAYS_SEARCH_USER_PATHS = NO;
				ASSETCATALOG_COMPILER_GENERATE_SWIFT_ASSET_SYMBOL_EXTENSIONS = YES;
				CLANG_ANALYZER_NONNULL = YES;
				CLANG_ANALYZER_NUMBER_OBJECT_CONVERSION = YES_AGGRESSIVE;
				CLANG_CXX_LANGUAGE_STANDARD = "gnu++20";
				CLANG_ENABLE_MODULES = YES;
				CLANG_ENABLE_OBJC_ARC = YES;
				CLANG_ENABLE_OBJC_WEAK = YES;
				CLANG_WARN_BLOCK_CAPTURE_AUTORELEASING = YES;
				CLANG_WARN_BOOL_CONVERSION = YES;
				CLANG_WARN_COMMA = YES;
				CLANG_WARN_CONSTANT_CONVERSION = YES;
				CLANG_WARN_DEPRECATED_OBJC_IMPLEMENTATIONS = YES;
				CLANG_WARN_DIRECT_OBJC_ISA_USAGE = YES_ERROR;
				CLANG_WARN_DOCUMENTATION_COMMENTS = YES;
				CLANG_WARN_EMPTY_BODY = YES;
				CLANG_WARN_ENUM_CONVERSION = YES;
				CLANG_WARN_INFINITE_RECURSION = YES;
				CLANG_WARN_INT_CONVERSION = YES;
				CLANG_WARN_NON_LITERAL_NULL_CONVERSION = YES;
				CLANG_WARN_OBJC_IMPLICIT_RETAIN_SELF = YES;
				CLANG_WARN_OBJC_LITERAL_CONVERSION = YES;
				CLANG_WARN_OBJC_ROOT_CLASS = YES_ERROR;
				CLANG_WARN_QUOTED_INCLUDE_IN_FRAMEWORK_HEADER = YES;
				CLANG_WARN_RANGE_LOOP_ANALYSIS = YES;
				CLANG_WARN_STRICT_PROTOTYPES = YES;
				CLANG_WARN_SUSPICIOUS_MOVE = YES;
				CLANG_WARN_UNGUARDED_AVAILABILITY = YES_AGGRESSIVE;
				CLANG_WARN_UNREACHABLE_CODE = YES;
				CLANG_WARN__DUPLICATE_METHOD_MATCH = YES;
				COPY_PHASE_STRIP = NO;
				DEBUG_INFORMATION_FORMAT = dwarf;
				ENABLE_STRICT_OBJC_MSGSEND = YES;
				ENABLE_TESTABILITY = YES;
				ENABLE_USER_SCRIPT_SANDBOXING = YES;
				GCC_C_LANGUAGE_STANDARD = gnu17;
				GCC_DYNAMIC_NO_PIC = NO;
				GCC_NO_COMMON_BLOCKS = YES;
				GCC_OPTIMIZATION_LEVEL = 0;
				GCC_PREPROCESSOR_DEFINITIONS = (
					"DEBUG=1",
					"$(inherited)",
				);
				GCC_WARN_64_TO_32_BIT_CONVERSION = YES;
				GCC_WARN_ABOUT_RETURN_TYPE = YES_ERROR;
				GCC_WARN_UNDECLARED_SELECTOR = YES;
				GCC_WARN_UNINITIALIZED_AUTOS = YES_AGGRESSIVE;
				GCC_WARN_UNUSED_FUNCTION = YES;
				GCC_WARN_UNUSED_VARIABLE = YES;
				IPHONEOS_DEPLOYMENT_TARGET = 16.0;
				LOCALIZATION_PREFERS_STRING_CATALOGS = YES;
				MTL_ENABLE_DEBUG_INFO = INCLUDE_SOURCE;
				MTL_FAST_MATH = YES;
				ONLY_ACTIVE_ARCH = YES;
				SDKROOT = iphoneos;
				SWIFT_ACTIVE_COMPILATION_CONDITIONS = "DEBUG $(inherited)";
				SWIFT_OPTIMIZATION_LEVEL = "-Onone";
			};
			name = Debug;
		};
		D773911E2CF6502600795469 /* Release */ = {
			isa = XCBuildConfiguration;
			buildSettings = {
				ALWAYS_SEARCH_USER_PATHS = NO;
				ASSETCATALOG_COMPILER_GENERATE_SWIFT_ASSET_SYMBOL_EXTENSIONS = YES;
				CLANG_ANALYZER_NONNULL = YES;
				CLANG_ANALYZER_NUMBER_OBJECT_CONVERSION = YES_AGGRESSIVE;
				CLANG_CXX_LANGUAGE_STANDARD = "gnu++20";
				CLANG_ENABLE_MODULES = YES;
				CLANG_ENABLE_OBJC_ARC = YES;
				CLANG_ENABLE_OBJC_WEAK = YES;
				CLANG_WARN_BLOCK_CAPTURE_AUTORELEASING = YES;
				CLANG_WARN_BOOL_CONVERSION = YES;
				CLANG_WARN_COMMA = YES;
				CLANG_WARN_CONSTANT_CONVERSION = YES;
				CLANG_WARN_DEPRECATED_OBJC_IMPLEMENTATIONS = YES;
				CLANG_WARN_DIRECT_OBJC_ISA_USAGE = YES_ERROR;
				CLANG_WARN_DOCUMENTATION_COMMENTS = YES;
				CLANG_WARN_EMPTY_BODY = YES;
				CLANG_WARN_ENUM_CONVERSION = YES;
				CLANG_WARN_INFINITE_RECURSION = YES;
				CLANG_WARN_INT_CONVERSION = YES;
				CLANG_WARN_NON_LITERAL_NULL_CONVERSION = YES;
				CLANG_WARN_OBJC_IMPLICIT_RETAIN_SELF = YES;
				CLANG_WARN_OBJC_LITERAL_CONVERSION = YES;
				CLANG_WARN_OBJC_ROOT_CLASS = YES_ERROR;
				CLANG_WARN_QUOTED_INCLUDE_IN_FRAMEWORK_HEADER = YES;
				CLANG_WARN_RANGE_LOOP_ANALYSIS = YES;
				CLANG_WARN_STRICT_PROTOTYPES = YES;
				CLANG_WARN_SUSPICIOUS_MOVE = YES;
				CLANG_WARN_UNGUARDED_AVAILABILITY = YES_AGGRESSIVE;
				CLANG_WARN_UNREACHABLE_CODE = YES;
				CLANG_WARN__DUPLICATE_METHOD_MATCH = YES;
				COPY_PHASE_STRIP = NO;
				DEBUG_INFORMATION_FORMAT = "dwarf-with-dsym";
				ENABLE_NS_ASSERTIONS = NO;
				ENABLE_STRICT_OBJC_MSGSEND = YES;
				ENABLE_USER_SCRIPT_SANDBOXING = YES;
				GCC_C_LANGUAGE_STANDARD = gnu17;
				GCC_NO_COMMON_BLOCKS = YES;
				GCC_WARN_64_TO_32_BIT_CONVERSION = YES;
				GCC_WARN_ABOUT_RETURN_TYPE = YES_ERROR;
				GCC_WARN_UNDECLARED_SELECTOR = YES;
				GCC_WARN_UNINITIALIZED_AUTOS = YES_AGGRESSIVE;
				GCC_WARN_UNUSED_FUNCTION = YES;
				GCC_WARN_UNUSED_VARIABLE = YES;
				IPHONEOS_DEPLOYMENT_TARGET = 16.0;
				LOCALIZATION_PREFERS_STRING_CATALOGS = YES;
				MTL_ENABLE_DEBUG_INFO = NO;
				MTL_FAST_MATH = YES;
				SDKROOT = iphoneos;
				SWIFT_COMPILATION_MODE = wholemodule;
				VALIDATE_PRODUCT = YES;
			};
			name = Release;
		};
		D77391202CF6502600795469 /* Debug */ = {
			isa = XCBuildConfiguration;
			buildSettings = {
				ASSETCATALOG_COMPILER_APPICON_NAME = AppIcon;
				ASSETCATALOG_COMPILER_GLOBAL_ACCENT_COLOR_NAME = AccentColor;
				CODE_SIGN_STYLE = Automatic;
				CURRENT_PROJECT_VERSION = 1;
				DEVELOPMENT_TEAM = 8FA6F58X42;
				GENERATE_INFOPLIST_FILE = YES;
				INFOPLIST_FILE = EMTodoList/Info.plist;
				INFOPLIST_KEY_UIApplicationSupportsIndirectInputEvents = YES;
				INFOPLIST_KEY_UILaunchStoryboardName = LaunchScreen.storyboard;
				INFOPLIST_KEY_UIMainStoryboardFile = "";
				INFOPLIST_KEY_UISupportedInterfaceOrientations = UIInterfaceOrientationPortrait;
				INFOPLIST_KEY_UISupportedInterfaceOrientations_iPad = "UIInterfaceOrientationLandscapeLeft UIInterfaceOrientationLandscapeRight UIInterfaceOrientationPortrait UIInterfaceOrientationPortraitUpsideDown";
				LD_RUNPATH_SEARCH_PATHS = (
					"$(inherited)",
					"@executable_path/Frameworks",
				);
				MARKETING_VERSION = 1.0;
				PRODUCT_BUNDLE_IDENTIFIER = com.aynur19.EMTodoList;
				PRODUCT_NAME = "$(TARGET_NAME)";
				SUPPORTED_PLATFORMS = "iphoneos iphonesimulator";
				SUPPORTS_MACCATALYST = NO;
				SUPPORTS_MAC_DESIGNED_FOR_IPHONE_IPAD = NO;
				SUPPORTS_XR_DESIGNED_FOR_IPHONE_IPAD = NO;
				SWIFT_EMIT_LOC_STRINGS = YES;
				SWIFT_VERSION = 5.0;
				TARGETED_DEVICE_FAMILY = "1,2";
			};
			name = Debug;
		};
		D77391212CF6502600795469 /* Release */ = {
			isa = XCBuildConfiguration;
			buildSettings = {
				ASSETCATALOG_COMPILER_APPICON_NAME = AppIcon;
				ASSETCATALOG_COMPILER_GLOBAL_ACCENT_COLOR_NAME = AccentColor;
				CODE_SIGN_STYLE = Automatic;
				CURRENT_PROJECT_VERSION = 1;
				DEVELOPMENT_TEAM = 8FA6F58X42;
				GENERATE_INFOPLIST_FILE = YES;
				INFOPLIST_FILE = EMTodoList/Info.plist;
				INFOPLIST_KEY_UIApplicationSupportsIndirectInputEvents = YES;
				INFOPLIST_KEY_UILaunchStoryboardName = LaunchScreen.storyboard;
				INFOPLIST_KEY_UIMainStoryboardFile = "";
				INFOPLIST_KEY_UISupportedInterfaceOrientations = UIInterfaceOrientationPortrait;
				INFOPLIST_KEY_UISupportedInterfaceOrientations_iPad = "UIInterfaceOrientationLandscapeLeft UIInterfaceOrientationLandscapeRight UIInterfaceOrientationPortrait UIInterfaceOrientationPortraitUpsideDown";
				LD_RUNPATH_SEARCH_PATHS = (
					"$(inherited)",
					"@executable_path/Frameworks",
				);
				MARKETING_VERSION = 1.0;
				PRODUCT_BUNDLE_IDENTIFIER = com.aynur19.EMTodoList;
				PRODUCT_NAME = "$(TARGET_NAME)";
				SUPPORTED_PLATFORMS = "iphoneos iphonesimulator";
				SUPPORTS_MACCATALYST = NO;
				SUPPORTS_MAC_DESIGNED_FOR_IPHONE_IPAD = NO;
				SUPPORTS_XR_DESIGNED_FOR_IPHONE_IPAD = NO;
				SWIFT_EMIT_LOC_STRINGS = YES;
				SWIFT_VERSION = 5.0;
				TARGETED_DEVICE_FAMILY = "1,2";
			};
			name = Release;
		};
		D77391232CF6502600795469 /* Debug */ = {
			isa = XCBuildConfiguration;
			buildSettings = {
				ALWAYS_EMBED_SWIFT_STANDARD_LIBRARIES = YES;
				BUNDLE_LOADER = "$(TEST_HOST)";
				CODE_SIGN_STYLE = Automatic;
				CURRENT_PROJECT_VERSION = 1;
				DEVELOPMENT_TEAM = 8FA6F58X42;
				GENERATE_INFOPLIST_FILE = YES;
				IPHONEOS_DEPLOYMENT_TARGET = 17.2;
				MARKETING_VERSION = 1.0;
				PRODUCT_BUNDLE_IDENTIFIER = com.aynur19.EMTodoListTests;
				PRODUCT_NAME = "$(TARGET_NAME)";
				SWIFT_EMIT_LOC_STRINGS = NO;
				SWIFT_VERSION = 5.0;
				TARGETED_DEVICE_FAMILY = "1,2";
				TEST_HOST = "$(BUILT_PRODUCTS_DIR)/EMTodoList.app/$(BUNDLE_EXECUTABLE_FOLDER_PATH)/EMTodoList";
			};
			name = Debug;
		};
		D77391242CF6502600795469 /* Release */ = {
			isa = XCBuildConfiguration;
			buildSettings = {
				ALWAYS_EMBED_SWIFT_STANDARD_LIBRARIES = YES;
				BUNDLE_LOADER = "$(TEST_HOST)";
				CODE_SIGN_STYLE = Automatic;
				CURRENT_PROJECT_VERSION = 1;
				DEVELOPMENT_TEAM = 8FA6F58X42;
				GENERATE_INFOPLIST_FILE = YES;
				IPHONEOS_DEPLOYMENT_TARGET = 17.2;
				MARKETING_VERSION = 1.0;
				PRODUCT_BUNDLE_IDENTIFIER = com.aynur19.EMTodoListTests;
				PRODUCT_NAME = "$(TARGET_NAME)";
				SWIFT_EMIT_LOC_STRINGS = NO;
				SWIFT_VERSION = 5.0;
				TARGETED_DEVICE_FAMILY = "1,2";
				TEST_HOST = "$(BUILT_PRODUCTS_DIR)/EMTodoList.app/$(BUNDLE_EXECUTABLE_FOLDER_PATH)/EMTodoList";
			};
			name = Release;
		};
		D77391262CF6502600795469 /* Debug */ = {
			isa = XCBuildConfiguration;
			buildSettings = {
				ALWAYS_EMBED_SWIFT_STANDARD_LIBRARIES = YES;
				CODE_SIGN_STYLE = Automatic;
				CURRENT_PROJECT_VERSION = 1;
				DEVELOPMENT_TEAM = 8FA6F58X42;
				GENERATE_INFOPLIST_FILE = YES;
				MARKETING_VERSION = 1.0;
				PRODUCT_BUNDLE_IDENTIFIER = com.aynur19.EMTodoListUITests;
				PRODUCT_NAME = "$(TARGET_NAME)";
				SWIFT_EMIT_LOC_STRINGS = NO;
				SWIFT_VERSION = 5.0;
				TARGETED_DEVICE_FAMILY = "1,2";
				TEST_TARGET_NAME = EMTodoList;
			};
			name = Debug;
		};
		D77391272CF6502600795469 /* Release */ = {
			isa = XCBuildConfiguration;
			buildSettings = {
				ALWAYS_EMBED_SWIFT_STANDARD_LIBRARIES = YES;
				CODE_SIGN_STYLE = Automatic;
				CURRENT_PROJECT_VERSION = 1;
				DEVELOPMENT_TEAM = 8FA6F58X42;
				GENERATE_INFOPLIST_FILE = YES;
				MARKETING_VERSION = 1.0;
				PRODUCT_BUNDLE_IDENTIFIER = com.aynur19.EMTodoListUITests;
				PRODUCT_NAME = "$(TARGET_NAME)";
				SWIFT_EMIT_LOC_STRINGS = NO;
				SWIFT_VERSION = 5.0;
				TARGETED_DEVICE_FAMILY = "1,2";
				TEST_TARGET_NAME = EMTodoList;
			};
			name = Release;
		};
/* End XCBuildConfiguration section */

/* Begin XCConfigurationList section */
		D7277F902CF76FB100AE853A /* Build configuration list for PBXNativeTarget "EMCore" */ = {
			isa = XCConfigurationList;
			buildConfigurations = (
				D7277F912CF76FB100AE853A /* Debug */,
				D7277F922CF76FB100AE853A /* Release */,
			);
			defaultConfigurationIsVisible = 0;
			defaultConfigurationName = Release;
		};
		D7277FA72CF7732D00AE853A /* Build configuration list for PBXNativeTarget "EMNetworkingService" */ = {
			isa = XCConfigurationList;
			buildConfigurations = (
				D7277FA82CF7732D00AE853A /* Debug */,
				D7277FA92CF7732D00AE853A /* Release */,
			);
			defaultConfigurationIsVisible = 0;
			defaultConfigurationName = Release;
		};
		D7277FC52CF7919F00AE853A /* Build configuration list for PBXNativeTarget "EMCoreDataStack" */ = {
			isa = XCConfigurationList;
			buildConfigurations = (
				D7277FC62CF7919F00AE853A /* Debug */,
				D7277FC72CF7919F00AE853A /* Release */,
			);
			defaultConfigurationIsVisible = 0;
			defaultConfigurationName = Release;
		};
		D72780072CF9B7CF00AE853A /* Build configuration list for PBXNativeTarget "EMTodoApiService" */ = {
			isa = XCConfigurationList;
			buildConfigurations = (
				D72780082CF9B7CF00AE853A /* Debug */,
				D72780092CF9B7CF00AE853A /* Release */,
			);
			defaultConfigurationIsVisible = 0;
			defaultConfigurationName = Release;
		};
		D77390F02CF6501C00795469 /* Build configuration list for PBXProject "EMTodoList" */ = {
			isa = XCConfigurationList;
			buildConfigurations = (
				D773911D2CF6502600795469 /* Debug */,
				D773911E2CF6502600795469 /* Release */,
			);
			defaultConfigurationIsVisible = 0;
			defaultConfigurationName = Release;
		};
		D773911F2CF6502600795469 /* Build configuration list for PBXNativeTarget "EMTodoList" */ = {
			isa = XCConfigurationList;
			buildConfigurations = (
				D77391202CF6502600795469 /* Debug */,
				D77391212CF6502600795469 /* Release */,
			);
			defaultConfigurationIsVisible = 0;
			defaultConfigurationName = Release;
		};
		D77391222CF6502600795469 /* Build configuration list for PBXNativeTarget "EMTodoListTests" */ = {
			isa = XCConfigurationList;
			buildConfigurations = (
				D77391232CF6502600795469 /* Debug */,
				D77391242CF6502600795469 /* Release */,
			);
			defaultConfigurationIsVisible = 0;
			defaultConfigurationName = Release;
		};
		D77391252CF6502600795469 /* Build configuration list for PBXNativeTarget "EMTodoListUITests" */ = {
			isa = XCConfigurationList;
			buildConfigurations = (
				D77391262CF6502600795469 /* Debug */,
				D77391272CF6502600795469 /* Release */,
			);
			defaultConfigurationIsVisible = 0;
			defaultConfigurationName = Release;
		};
/* End XCConfigurationList section */

/* Begin XCVersionGroup section */
		D7277FBA2CF7905A00AE853A /* ToDoModel.xcdatamodeld */ = {
			isa = XCVersionGroup;
			children = (
				D7277FBB2CF7905A00AE853A /* ToDoModel.xcdatamodel */,
			);
			currentVersion = D7277FBB2CF7905A00AE853A /* ToDoModel.xcdatamodel */;
			path = ToDoModel.xcdatamodeld;
			sourceTree = "<group>";
			versionGroupType = wrapper.xcdatamodel;
		};
/* End XCVersionGroup section */
	};
	rootObject = D77390ED2CF6501C00795469 /* Project object */;
}
